// !$*UTF8*$!
{
	archiveVersion = 1;
	classes = {
	};
	objectVersion = 50;
	objects = {

/* Begin PBXBuildFile section */
		EC1137D822440A2800B09D50 /* AppDelegate.swift in Sources */ = {isa = PBXBuildFile; fileRef = EC1137D722440A2800B09D50 /* AppDelegate.swift */; };
		EC1137DA22440A2800B09D50 /* ViewController.swift in Sources */ = {isa = PBXBuildFile; fileRef = EC1137D922440A2800B09D50 /* ViewController.swift */; };
		EC1137DD22440A2800B09D50 /* Main.storyboard in Resources */ = {isa = PBXBuildFile; fileRef = EC1137DB22440A2800B09D50 /* Main.storyboard */; };
		EC1137E022440A2800B09D50 /* AccessibilityURLs.xcdatamodeld in Sources */ = {isa = PBXBuildFile; fileRef = EC1137DE22440A2800B09D50 /* AccessibilityURLs.xcdatamodeld */; };
		EC1137E222440A2B00B09D50 /* Assets.xcassets in Resources */ = {isa = PBXBuildFile; fileRef = EC1137E122440A2B00B09D50 /* Assets.xcassets */; };
		EC1137E522440A2B00B09D50 /* LaunchScreen.storyboard in Resources */ = {isa = PBXBuildFile; fileRef = EC1137E322440A2B00B09D50 /* LaunchScreen.storyboard */; };
/* End PBXBuildFile section */

/* Begin PBXFileReference section */
		EC1137D422440A2800B09D50 /* AccessibilityURLs.app */ = {isa = PBXFileReference; explicitFileType = wrapper.application; includeInIndex = 0; path = AccessibilityURLs.app; sourceTree = BUILT_PRODUCTS_DIR; };
		EC1137D722440A2800B09D50 /* AppDelegate.swift */ = {isa = PBXFileReference; lastKnownFileType = sourcecode.swift; path = AppDelegate.swift; sourceTree = "<group>"; };
		EC1137D922440A2800B09D50 /* ViewController.swift */ = {isa = PBXFileReference; lastKnownFileType = sourcecode.swift; path = ViewController.swift; sourceTree = "<group>"; };
		EC1137DC22440A2800B09D50 /* Base */ = {isa = PBXFileReference; lastKnownFileType = file.storyboard; name = Base; path = Base.lproj/Main.storyboard; sourceTree = "<group>"; };
		EC1137DF22440A2800B09D50 /* AccessibilityURLs.xcdatamodel */ = {isa = PBXFileReference; lastKnownFileType = wrapper.xcdatamodel; path = AccessibilityURLs.xcdatamodel; sourceTree = "<group>"; };
		EC1137E122440A2B00B09D50 /* Assets.xcassets */ = {isa = PBXFileReference; lastKnownFileType = folder.assetcatalog; path = Assets.xcassets; sourceTree = "<group>"; };
		EC1137E422440A2B00B09D50 /* Base */ = {isa = PBXFileReference; lastKnownFileType = file.storyboard; name = Base; path = Base.lproj/LaunchScreen.storyboard; sourceTree = "<group>"; };
		EC1137E622440A2B00B09D50 /* Info.plist */ = {isa = PBXFileReference; lastKnownFileType = text.plist.xml; path = Info.plist; sourceTree = "<group>"; };
/* End PBXFileReference section */

/* Begin PBXFrameworksBuildPhase section */
		EC1137D122440A2800B09D50 /* Frameworks */ = {
			isa = PBXFrameworksBuildPhase;
			buildActionMask = 2147483647;
			files = (
			);
			runOnlyForDeploymentPostprocessing = 0;
		};
/* End PBXFrameworksBuildPhase section */

/* Begin PBXGroup section */
		EC1137CB22440A2800B09D50 = {
			isa = PBXGroup;
			children = (
				EC1137D622440A2800B09D50 /* AccessibilityURLs */,
				EC1137D522440A2800B09D50 /* Products */,
			);
			sourceTree = "<group>";
		};
		EC1137D522440A2800B09D50 /* Products */ = {
			isa = PBXGroup;
			children = (
				EC1137D422440A2800B09D50 /* AccessibilityURLs.app */,
			);
			name = Products;
			sourceTree = "<group>";
		};
		EC1137D622440A2800B09D50 /* AccessibilityURLs */ = {
			isa = PBXGroup;
			children = (
				EC1137D722440A2800B09D50 /* AppDelegate.swift */,
				EC1137D922440A2800B09D50 /* ViewController.swift */,
				EC1137DB22440A2800B09D50 /* Main.storyboard */,
				EC1137E122440A2B00B09D50 /* Assets.xcassets */,
				EC1137E322440A2B00B09D50 /* LaunchScreen.storyboard */,
				EC1137E622440A2B00B09D50 /* Info.plist */,
				EC1137DE22440A2800B09D50 /* AccessibilityURLs.xcdatamodeld */,
			);
			path = AccessibilityURLs;
			sourceTree = "<group>";
		};
/* End PBXGroup section */

/* Begin PBXNativeTarget section */
		EC1137D322440A2800B09D50 /* AccessibilityURLs */ = {
			isa = PBXNativeTarget;
			buildConfigurationList = EC1137E922440A2B00B09D50 /* Build configuration list for PBXNativeTarget "AccessibilityURLs" */;
			buildPhases = (
				EC1137D022440A2800B09D50 /* Sources */,
				EC1137D122440A2800B09D50 /* Frameworks */,
				EC1137D222440A2800B09D50 /* Resources */,
			);
			buildRules = (
			);
			dependencies = (
			);
			name = AccessibilityURLs;
			productName = AccessibilityURLs;
			productReference = EC1137D422440A2800B09D50 /* AccessibilityURLs.app */;
			productType = "com.apple.product-type.application";
		};
/* End PBXNativeTarget section */

/* Begin PBXProject section */
		EC1137CC22440A2800B09D50 /* Project object */ = {
			isa = PBXProject;
			attributes = {
				LastSwiftUpdateCheck = 1010;
				LastUpgradeCheck = 1010;
				ORGANIZATIONNAME = "Armen Alikhanyan";
				TargetAttributes = {
					EC1137D322440A2800B09D50 = {
						CreatedOnToolsVersion = 10.1;
					};
				};
			};
			buildConfigurationList = EC1137CF22440A2800B09D50 /* Build configuration list for PBXProject "AccessibilityURLs" */;
			compatibilityVersion = "Xcode 9.3";
			developmentRegion = en;
			hasScannedForEncodings = 0;
			knownRegions = (
				en,
				Base,
			);
			mainGroup = EC1137CB22440A2800B09D50;
			productRefGroup = EC1137D522440A2800B09D50 /* Products */;
			projectDirPath = "";
			projectRoot = "";
			targets = (
				EC1137D322440A2800B09D50 /* AccessibilityURLs */,
			);
		};
/* End PBXProject section */

/* Begin PBXResourcesBuildPhase section */
		EC1137D222440A2800B09D50 /* Resources */ = {
			isa = PBXResourcesBuildPhase;
			buildActionMask = 2147483647;
			files = (
				EC1137E522440A2B00B09D50 /* LaunchScreen.storyboard in Resources */,
				EC1137E222440A2B00B09D50 /* Assets.xcassets in Resources */,
				EC1137DD22440A2800B09D50 /* Main.storyboard in Resources */,
			);
			runOnlyForDeploymentPostprocessing = 0;
		};
/* End PBXResourcesBuildPhase section */

/* Begin PBXSourcesBuildPhase section */
		EC1137D022440A2800B09D50 /* Sources */ = {
			isa = PBXSourcesBuildPhase;
			buildActionMask = 2147483647;
			files = (
				EC1137E022440A2800B09D50 /* AccessibilityURLs.xcdatamodeld in Sources */,
				EC1137DA22440A2800B09D50 /* ViewController.swift in Sources */,
				EC1137D822440A2800B09D50 /* AppDelegate.swift in Sources */,
			);
			runOnlyForDeploymentPostprocessing = 0;
		};
/* End PBXSourcesBuildPhase section */

/* Begin PBXVariantGroup section */
		EC1137DB22440A2800B09D50 /* Main.storyboard */ = {
			isa = PBXVariantGroup;
			children = (
				EC1137DC22440A2800B09D50 /* Base */,
			);
			name = Main.storyboard;
			sourceTree = "<group>";
		};
		EC1137E322440A2B00B09D50 /* LaunchScreen.storyboard */ = {
			isa = PBXVariantGroup;
			children = (
				EC1137E422440A2B00B09D50 /* Base */,
			);
			name = LaunchScreen.storyboard;
			sourceTree = "<group>";
		};
/* End PBXVariantGroup section */

/* Begin XCBuildConfiguration section */
		EC1137E722440A2B00B09D50 /* Debug */ = {
			isa = XCBuildConfiguration;
			buildSettings = {
				ALWAYS_SEARCH_USER_PATHS = NO;
				CLANG_ANALYZER_NONNULL = YES;
				CLANG_ANALYZER_NUMBER_OBJECT_CONVERSION = YES_AGGRESSIVE;
				CLANG_CXX_LANGUAGE_STANDARD = "gnu++14";
				CLANG_CXX_LIBRARY = "libc++";
				CLANG_ENABLE_MODULES = YES;
				CLANG_ENABLE_OBJC_ARC = YES;
				CLANG_ENABLE_OBJC_WEAK = YES;
				CLANG_WARN_BLOCK_CAPTURE_AUTORELEASING = YES;
				CLANG_WARN_BOOL_CONVERSION = YES;
				CLANG_WARN_COMMA = YES;
				CLANG_WARN_CONSTANT_CONVERSION = YES;
				CLANG_WARN_DEPRECATED_OBJC_IMPLEMENTATIONS = YES;
				CLANG_WARN_DIRECT_OBJC_ISA_USAGE = YES_ERROR;
				CLANG_WARN_DOCUMENTATION_COMMENTS = YES;
				CLANG_WARN_EMPTY_BODY = YES;
				CLANG_WARN_ENUM_CONVERSION = YES;
				CLANG_WARN_INFINITE_RECURSION = YES;
				CLANG_WARN_INT_CONVERSION = YES;
				CLANG_WARN_NON_LITERAL_NULL_CONVERSION = YES;
				CLANG_WARN_OBJC_IMPLICIT_RETAIN_SELF = YES;
				CLANG_WARN_OBJC_LITERAL_CONVERSION = YES;
				CLANG_WARN_OBJC_ROOT_CLASS = YES_ERROR;
				CLANG_WARN_RANGE_LOOP_ANALYSIS = YES;
				CLANG_WARN_STRICT_PROTOTYPES = YES;
				CLANG_WARN_SUSPICIOUS_MOVE = YES;
				CLANG_WARN_UNGUARDED_AVAILABILITY = YES_AGGRESSIVE;
				CLANG_WARN_UNREACHABLE_CODE = YES;
				CLANG_WARN__DUPLICATE_METHOD_MATCH = YES;
				CODE_SIGN_IDENTITY = "iPhone Developer";
				COPY_PHASE_STRIP = NO;
				DEBUG_INFORMATION_FORMAT = dwarf;
				ENABLE_STRICT_OBJC_MSGSEND = YES;
				ENABLE_TESTABILITY = YES;
				GCC_C_LANGUAGE_STANDARD = gnu11;
				GCC_DYNAMIC_NO_PIC = NO;
				GCC_NO_COMMON_BLOCKS = YES;
				GCC_OPTIMIZATION_LEVEL = 0;
				GCC_PREPROCESSOR_DEFINITIONS = (
					"DEBUG=1",
					"$(inherited)",
				);
				GCC_WARN_64_TO_32_BIT_CONVERSION = YES;
				GCC_WARN_ABOUT_RETURN_TYPE = YES_ERROR;
				GCC_WARN_UNDECLARED_SELECTOR = YES;
				GCC_WARN_UNINITIALIZED_AUTOS = YES_AGGRESSIVE;
				GCC_WARN_UNUSED_FUNCTION = YES;
				GCC_WARN_UNUSED_VARIABLE = YES;
				IPHONEOS_DEPLOYMENT_TARGET = 12.1;
				MTL_ENABLE_DEBUG_INFO = INCLUDE_SOURCE;
				MTL_FAST_MATH = YES;
				ONLY_ACTIVE_ARCH = YES;
				SDKROOT = iphoneos;
				SWIFT_ACTIVE_COMPILATION_CONDITIONS = DEBUG;
				SWIFT_OPTIMIZATION_LEVEL = "-Onone";
			};
			name = Debug;
		};
		EC1137E822440A2B00B09D50 /* Release */ = {
			isa = XCBuildConfiguration;
			buildSettings = {
				ALWAYS_SEARCH_USER_PATHS = NO;
				CLANG_ANALYZER_NONNULL = YES;
				CLANG_ANALYZER_NUMBER_OBJECT_CONVERSION = YES_AGGRESSIVE;
				CLANG_CXX_LANGUAGE_STANDARD = "gnu++14";
				CLANG_CXX_LIBRARY = "libc++";
				CLANG_ENABLE_MODULES = YES;
				CLANG_ENABLE_OBJC_ARC = YES;
				CLANG_ENABLE_OBJC_WEAK = YES;
				CLANG_WARN_BLOCK_CAPTURE_AUTORELEASING = YES;
				CLANG_WARN_BOOL_CONVERSION = YES;
				CLANG_WARN_COMMA = YES;
				CLANG_WARN_CONSTANT_CONVERSION = YES;
				CLANG_WARN_DEPRECATED_OBJC_IMPLEMENTATIONS = YES;
				CLANG_WARN_DIRECT_OBJC_ISA_USAGE = YES_ERROR;
				CLANG_WARN_DOCUMENTATION_COMMENTS = YES;
				CLANG_WARN_EMPTY_BODY = YES;
				CLANG_WARN_ENUM_CONVERSION = YES;
				CLANG_WARN_INFINITE_RECURSION = YES;
				CLANG_WARN_INT_CONVERSION = YES;
				CLANG_WARN_NON_LITERAL_NULL_CONVERSION = YES;
				CLANG_WARN_OBJC_IMPLICIT_RETAIN_SELF = YES;
				CLANG_WARN_OBJC_LITERAL_CONVERSION = YES;
				CLANG_WARN_OBJC_ROOT_CLASS = YES_ERROR;
				CLANG_WARN_RANGE_LOOP_ANALYSIS = YES;
				CLANG_WARN_STRICT_PROTOTYPES = YES;
				CLANG_WARN_SUSPICIOUS_MOVE = YES;
				CLANG_WARN_UNGUARDED_AVAILABILITY = YES_AGGRESSIVE;
				CLANG_WARN_UNREACHABLE_CODE = YES;
				CLANG_WARN__DUPLICATE_METHOD_MATCH = YES;
				CODE_SIGN_IDENTITY = "iPhone Developer";
				COPY_PHASE_STRIP = NO;
				DEBUG_INFORMATION_FORMAT = "dwarf-with-dsym";
				ENABLE_NS_ASSERTIONS = NO;
				ENABLE_STRICT_OBJC_MSGSEND = YES;
				GCC_C_LANGUAGE_STANDARD = gnu11;
				GCC_NO_COMMON_BLOCKS = YES;
				GCC_WARN_64_TO_32_BIT_CONVERSION = YES;
				GCC_WARN_ABOUT_RETURN_TYPE = YES_ERROR;
				GCC_WARN_UNDECLARED_SELECTOR = YES;
				GCC_WARN_UNINITIALIZED_AUTOS = YES_AGGRESSIVE;
				GCC_WARN_UNUSED_FUNCTION = YES;
				GCC_WARN_UNUSED_VARIABLE = YES;
				IPHONEOS_DEPLOYMENT_TARGET = 12.1;
				MTL_ENABLE_DEBUG_INFO = NO;
				MTL_FAST_MATH = YES;
				SDKROOT = iphoneos;
				SWIFT_COMPILATION_MODE = wholemodule;
				SWIFT_OPTIMIZATION_LEVEL = "-O";
				VALIDATE_PRODUCT = YES;
			};
			name = Release;
		};
		EC1137EA22440A2B00B09D50 /* Debug */ = {
			isa = XCBuildConfiguration;
			buildSettings = {
				ASSETCATALOG_COMPILER_APPICON_NAME = AppIcon;
				CODE_SIGN_STYLE = Automatic;
				INFOPLIST_FILE = AccessibilityURLs/Info.plist;
				LD_RUNPATH_SEARCH_PATHS = (
					"$(inherited)",
					"@executable_path/Frameworks",
				);
				PRODUCT_BUNDLE_IDENTIFIER = ArmenAlikhanyan.AccessibilityURLs;
				PRODUCT_NAME = "$(TARGET_NAME)";
				SWIFT_VERSION = 4.2;
				TARGETED_DEVICE_FAMILY = "1,2";
			};
			name = Debug;
		};
		EC1137EB22440A2B00B09D50 /* Release */ = {
			isa = XCBuildConfiguration;
			buildSettings = {
				ASSETCATALOG_COMPILER_APPICON_NAME = AppIcon;
				CODE_SIGN_STYLE = Automatic;
				INFOPLIST_FILE = AccessibilityURLs/Info.plist;
				LD_RUNPATH_SEARCH_PATHS = (
					"$(inherited)",
					"@executable_path/Frameworks",
				);
				PRODUCT_BUNDLE_IDENTIFIER = ArmenAlikhanyan.AccessibilityURLs;
				PRODUCT_NAME = "$(TARGET_NAME)";
				SWIFT_VERSION = 4.2;
				TARGETED_DEVICE_FAMILY = "1,2";
			};
			name = Release;
		};
/* End XCBuildConfiguration section */

/* Begin XCConfigurationList section */
		EC1137CF22440A2800B09D50 /* Build configuration list for PBXProject "AccessibilityURLs" */ = {
			isa = XCConfigurationList;
			buildConfigurations = (
				EC1137E722440A2B00B09D50 /* Debug */,
				EC1137E822440A2B00B09D50 /* Release */,
			);
			defaultConfigurationIsVisible = 0;
			defaultConfigurationName = Release;
		};
		EC1137E922440A2B00B09D50 /* Build configuration list for PBXNativeTarget "AccessibilityURLs" */ = {
			isa = XCConfigurationList;
			buildConfigurations = (
				EC1137EA22440A2B00B09D50 /* Debug */,
				EC1137EB22440A2B00B09D50 /* Release */,
			);
			defaultConfigurationIsVisible = 0;
			defaultConfigurationName = Release;
		};
/* End XCConfigurationList section */

/* Begin XCVersionGroup section */
		EC1137DE22440A2800B09D50 /* AccessibilityURLs.xcdatamodeld */ = {
			isa = XCVersionGroup;
			children = (
				EC1137DF22440A2800B09D50 /* AccessibilityURLs.xcdatamodel */,
			);
			currentVersion = EC1137DF22440A2800B09D50 /* AccessibilityURLs.xcdatamodel */;
			path = AccessibilityURLs.xcdatamodeld;
			sourceTree = "<group>";
			versionGroupType = wrapper.xcdatamodel;
		};
/* End XCVersionGroup section */
	};
	rootObject = EC1137CC22440A2800B09D50 /* Project object */;
}
